
Microsoft Visual Studio Solution File, Format Version 12.00
# Visual Studio 2013
VisualStudioVersion = 12.0.31101.0
MinimumVisualStudioVersion = 10.0.40219.1
Project("{FAE04EC0-301F-11D3-BF4B-00C04F79EFBC}") = "DW_SQL_Editor", "DW_SQL_Editor\DW_SQL_Editor.csproj", "{CC94D831-98DA-4908-A066-999EE22D7688}"
EndProject
Global
	GlobalSection(SolutionConfigurationPlatforms) = preSolution
		Debug|Any CPU = Debug|Any CPU
		Release|Any CPU = Release|Any CPU
	EndGlobalSection
	GlobalSection(ProjectConfigurationPlatforms) = postSolution
		{CC94D831-98DA-4908-A066-999EE22D7688}.Debug|Any CPU.ActiveCfg = Debug|Any CPU
		{CC94D831-98DA-4908-A066-999EE22D7688}.Debug|Any CPU.Build.0 = Debug|Any CPU
		{CC94D831-98DA-4908-A066-999EE22D7688}.Release|Any CPU.ActiveCfg = Release|Any CPU
		{CC94D831-98DA-4908-A066-999EE22D7688}.Release|Any CPU.Build.0 = Release|Any CPU
	EndGlobalSection
	GlobalSection(SolutionProperties) = preSolution
		HideSolutionNode = FALSE
	EndGlobalSection
EndGlobal
